{
  "name": "chatbotbase-alexaplatform",
  "version": "0.1.0",
  "lockfileVersion": 1,
  "requires": true,
  "dependencies": {
    "chatbotbase": {
      "version": "github:rekire/ChatbotBase#426e8de3ab08252f32b82ed998191147933a2764",
      "requires": {
        "sprintf-js": "1.1.1"
      }
    },
    "sprintf-js": {
      "version": "1.1.1",
      "resolved": "https://registry.npmjs.org/sprintf-js/-/sprintf-js-1.1.1.tgz",
      "integrity": "sha1-Nr54Mgr+WAH2zqPueLblqrlA6gw="
    }
  }
}
